
Microsoft Visual Studio Solution File, Format Version 12.00
# Visual Studio Version 16
VisualStudioVersion = 16.0.29102.190
MinimumVisualStudioVersion = 10.0.40219.1
Project("{9A19103F-16F7-4668-BE54-9A1E7A4F7556}") = "WorldSeed.Common", "Common\Windstorm.Common\WorldSeed.Common.csproj", "{6FBD1601-C7CA-450D-B8BC-42A9CA64F82E}"
EndProject
Project("{9A19103F-16F7-4668-BE54-9A1E7A4F7556}") = "WorldSeed.Application", "Core\Windstorm.Application\WorldSeed.Application.csproj", "{444B4C41-1BA5-4A5A-AAEE-5C18EAB7207B}"
EndProject
Project("{9A19103F-16F7-4668-BE54-9A1E7A4F7556}") = "WorldSeed.Domain", "Core\Windstorm.Domain\WorldSeed.Domain.csproj", "{5A117B28-2021-4740-A92A-189FD13F59DD}"
EndProject
Project("{9A19103F-16F7-4668-BE54-9A1E7A4F7556}") = "WorldSeed.Infrastructure", "Infrastructure\Windstorm.Infrastructure\WorldSeed.Infrastructure.csproj", "{7B7B1FEE-DC5C-4910-B023-9C07284C1EB6}"
EndProject
Project("{9A19103F-16F7-4668-BE54-9A1E7A4F7556}") = "WorldSeed.Persistence", "Infrastructure\Windstorm.Persistence\WorldSeed.Persistence.csproj", "{DED9524A-BBEA-4DEC-B035-D330B604796F}"
EndProject
Global
	GlobalSection(SolutionConfigurationPlatforms) = preSolution
		Debug|Any CPU = Debug|Any CPU
		Release|Any CPU = Release|Any CPU
	EndGlobalSection
	GlobalSection(ProjectConfigurationPlatforms) = postSolution
		{6FBD1601-C7CA-450D-B8BC-42A9CA64F82E}.Debug|Any CPU.ActiveCfg = Debug|Any CPU
		{6FBD1601-C7CA-450D-B8BC-42A9CA64F82E}.Debug|Any CPU.Build.0 = Debug|Any CPU
		{6FBD1601-C7CA-450D-B8BC-42A9CA64F82E}.Release|Any CPU.ActiveCfg = Release|Any CPU
		{6FBD1601-C7CA-450D-B8BC-42A9CA64F82E}.Release|Any CPU.Build.0 = Release|Any CPU
		{444B4C41-1BA5-4A5A-AAEE-5C18EAB7207B}.Debug|Any CPU.ActiveCfg = Debug|Any CPU
		{444B4C41-1BA5-4A5A-AAEE-5C18EAB7207B}.Debug|Any CPU.Build.0 = Debug|Any CPU
		{444B4C41-1BA5-4A5A-AAEE-5C18EAB7207B}.Release|Any CPU.ActiveCfg = Release|Any CPU
		{444B4C41-1BA5-4A5A-AAEE-5C18EAB7207B}.Release|Any CPU.Build.0 = Release|Any CPU
		{5A117B28-2021-4740-A92A-189FD13F59DD}.Debug|Any CPU.ActiveCfg = Debug|Any CPU
		{5A117B28-2021-4740-A92A-189FD13F59DD}.Debug|Any CPU.Build.0 = Debug|Any CPU
		{5A117B28-2021-4740-A92A-189FD13F59DD}.Release|Any CPU.ActiveCfg = Release|Any CPU
		{5A117B28-2021-4740-A92A-189FD13F59DD}.Release|Any CPU.Build.0 = Release|Any CPU
		{7B7B1FEE-DC5C-4910-B023-9C07284C1EB6}.Debug|Any CPU.ActiveCfg = Debug|Any CPU
		{7B7B1FEE-DC5C-4910-B023-9C07284C1EB6}.Debug|Any CPU.Build.0 = Debug|Any CPU
		{7B7B1FEE-DC5C-4910-B023-9C07284C1EB6}.Release|Any CPU.ActiveCfg = Release|Any CPU
		{7B7B1FEE-DC5C-4910-B023-9C07284C1EB6}.Release|Any CPU.Build.0 = Release|Any CPU
		{DED9524A-BBEA-4DEC-B035-D330B604796F}.Debug|Any CPU.ActiveCfg = Debug|Any CPU
		{DED9524A-BBEA-4DEC-B035-D330B604796F}.Debug|Any CPU.Build.0 = Debug|Any CPU
		{DED9524A-BBEA-4DEC-B035-D330B604796F}.Release|Any CPU.ActiveCfg = Release|Any CPU
		{DED9524A-BBEA-4DEC-B035-D330B604796F}.Release|Any CPU.Build.0 = Release|Any CPU
	EndGlobalSection
	GlobalSection(SolutionProperties) = preSolution
		HideSolutionNode = FALSE
	EndGlobalSection
	GlobalSection(ExtensibilityGlobals) = postSolution
		SolutionGuid = {6616CDA0-6CA0-4DA3-A211-0C982E2E31D4}
	EndGlobalSection
EndGlobal
